
Microsoft Visual Studio Solution File, Format Version 12.00
# Visual Studio Version 17
VisualStudioVersion = 17.7.34003.232
MinimumVisualStudioVersion = 10.0.40219.1
Project("{FAE04EC0-301F-11D3-BF4B-00C04F79EFBC}") = "ExercicioDeFixacao1", "ExercicioDeFixacao1\ExercicioDeFixacao1.csproj", "{C219EEA7-07FC-4D81-93C0-47773683E90D}"
EndProject
Global
	GlobalSection(SolutionConfigurationPlatforms) = preSolution
		Debug|Any CPU = Debug|Any CPU
		Release|Any CPU = Release|Any CPU
	EndGlobalSection
	GlobalSection(ProjectConfigurationPlatforms) = postSolution
		{C219EEA7-07FC-4D81-93C0-47773683E90D}.Debug|Any CPU.ActiveCfg = Debug|Any CPU
		{C219EEA7-07FC-4D81-93C0-47773683E90D}.Debug|Any CPU.Build.0 = Debug|Any CPU
		{C219EEA7-07FC-4D81-93C0-47773683E90D}.Release|Any CPU.ActiveCfg = Release|Any CPU
		{C219EEA7-07FC-4D81-93C0-47773683E90D}.Release|Any CPU.Build.0 = Release|Any CPU
	EndGlobalSection
	GlobalSection(SolutionProperties) = preSolution
		HideSolutionNode = FALSE
	EndGlobalSection
	GlobalSection(ExtensibilityGlobals) = postSolution
		SolutionGuid = {14A2D5A0-3BAC-4224-B2E3-B86DB6F47DD8}
	EndGlobalSection
EndGlobal
